
Microsoft Visual Studio Solution File, Format Version 12.00
# Visual Studio Version 16
VisualStudioVersion = 16.0.31129.286
MinimumVisualStudioVersion = 10.0.40219.1
Project("{8BC9CEB8-8B4A-11D0-8D11-00A0C91BC942}") = "AdditionalWindow", "ModalDialog\ModalDialog.vcxproj", "{6FB56B0E-C9FB-4CCB-A339-33E4088B032A}"
EndProject
Project("{8BC9CEB8-8B4A-11D0-8D11-00A0C91BC942}") = "MainModalDialog", "MainModalDialog\MainModalDialog.vcxproj", "{5355089F-4CB9-43FD-8107-C426F0847F8E}"
EndProject
Project("{8BC9CEB8-8B4A-11D0-8D11-00A0C91BC942}") = "MainModelessDialog", "MainModelessDialog\MainModelessDialog.vcxproj", "{2420910B-74D1-42C3-8438-76CBFD6B54C8}"
EndProject
Global
	GlobalSection(SolutionConfigurationPlatforms) = preSolution
		Debug|x64 = Debug|x64
		Debug|x86 = Debug|x86
		Release|x64 = Release|x64
		Release|x86 = Release|x86
	EndGlobalSection
	GlobalSection(ProjectConfigurationPlatforms) = postSolution
		{6FB56B0E-C9FB-4CCB-A339-33E4088B032A}.Debug|x64.ActiveCfg = Debug|x64
		{6FB56B0E-C9FB-4CCB-A339-33E4088B032A}.Debug|x64.Build.0 = Debug|x64
		{6FB56B0E-C9FB-4CCB-A339-33E4088B032A}.Debug|x86.ActiveCfg = Debug|Win32
		{6FB56B0E-C9FB-4CCB-A339-33E4088B032A}.Debug|x86.Build.0 = Debug|Win32
		{6FB56B0E-C9FB-4CCB-A339-33E4088B032A}.Release|x64.ActiveCfg = Release|x64
		{6FB56B0E-C9FB-4CCB-A339-33E4088B032A}.Release|x64.Build.0 = Release|x64
		{6FB56B0E-C9FB-4CCB-A339-33E4088B032A}.Release|x86.ActiveCfg = Release|Win32
		{6FB56B0E-C9FB-4CCB-A339-33E4088B032A}.Release|x86.Build.0 = Release|Win32
		{5355089F-4CB9-43FD-8107-C426F0847F8E}.Debug|x64.ActiveCfg = Debug|x64
		{5355089F-4CB9-43FD-8107-C426F0847F8E}.Debug|x64.Build.0 = Debug|x64
		{5355089F-4CB9-43FD-8107-C426F0847F8E}.Debug|x86.ActiveCfg = Debug|Win32
		{5355089F-4CB9-43FD-8107-C426F0847F8E}.Debug|x86.Build.0 = Debug|Win32
		{5355089F-4CB9-43FD-8107-C426F0847F8E}.Release|x64.ActiveCfg = Release|x64
		{5355089F-4CB9-43FD-8107-C426F0847F8E}.Release|x64.Build.0 = Release|x64
		{5355089F-4CB9-43FD-8107-C426F0847F8E}.Release|x86.ActiveCfg = Release|Win32
		{5355089F-4CB9-43FD-8107-C426F0847F8E}.Release|x86.Build.0 = Release|Win32
		{2420910B-74D1-42C3-8438-76CBFD6B54C8}.Debug|x64.ActiveCfg = Debug|x64
		{2420910B-74D1-42C3-8438-76CBFD6B54C8}.Debug|x64.Build.0 = Debug|x64
		{2420910B-74D1-42C3-8438-76CBFD6B54C8}.Debug|x86.ActiveCfg = Debug|Win32
		{2420910B-74D1-42C3-8438-76CBFD6B54C8}.Debug|x86.Build.0 = Debug|Win32
		{2420910B-74D1-42C3-8438-76CBFD6B54C8}.Release|x64.ActiveCfg = Release|x64
		{2420910B-74D1-42C3-8438-76CBFD6B54C8}.Release|x64.Build.0 = Release|x64
		{2420910B-74D1-42C3-8438-76CBFD6B54C8}.Release|x86.ActiveCfg = Release|Win32
		{2420910B-74D1-42C3-8438-76CBFD6B54C8}.Release|x86.Build.0 = Release|Win32
	EndGlobalSection
	GlobalSection(SolutionProperties) = preSolution
		HideSolutionNode = FALSE
	EndGlobalSection
	GlobalSection(ExtensibilityGlobals) = postSolution
		SolutionGuid = {230D1E75-CF5A-4BA8-81CF-FF55B8067D09}
	EndGlobalSection
EndGlobal
