
Microsoft Visual Studio Solution File, Format Version 12.00
# Visual Studio Version 16
VisualStudioVersion = 16.0.31129.286
MinimumVisualStudioVersion = 10.0.40219.1
Project("{8BC9CEB8-8B4A-11D0-8D11-00A0C91BC942}") = "TimerWithEvent", "TimerWithEvent\TimerWithEvent.vcxproj", "{5CA5B354-02C9-487F-A32A-1B64D1DB7D0A}"
EndProject
Project("{8BC9CEB8-8B4A-11D0-8D11-00A0C91BC942}") = "TimerWithCallback", "TimerWithCallback\TimerWithCallback.vcxproj", "{1AAE6DC7-97E6-4DBD-AC72-4F995E276561}"
EndProject
Global
	GlobalSection(SolutionConfigurationPlatforms) = preSolution
		Debug|x64 = Debug|x64
		Debug|x86 = Debug|x86
		Release|x64 = Release|x64
		Release|x86 = Release|x86
	EndGlobalSection
	GlobalSection(ProjectConfigurationPlatforms) = postSolution
		{5CA5B354-02C9-487F-A32A-1B64D1DB7D0A}.Debug|x64.ActiveCfg = Debug|x64
		{5CA5B354-02C9-487F-A32A-1B64D1DB7D0A}.Debug|x64.Build.0 = Debug|x64
		{5CA5B354-02C9-487F-A32A-1B64D1DB7D0A}.Debug|x86.ActiveCfg = Debug|Win32
		{5CA5B354-02C9-487F-A32A-1B64D1DB7D0A}.Debug|x86.Build.0 = Debug|Win32
		{5CA5B354-02C9-487F-A32A-1B64D1DB7D0A}.Release|x64.ActiveCfg = Release|x64
		{5CA5B354-02C9-487F-A32A-1B64D1DB7D0A}.Release|x64.Build.0 = Release|x64
		{5CA5B354-02C9-487F-A32A-1B64D1DB7D0A}.Release|x86.ActiveCfg = Release|Win32
		{5CA5B354-02C9-487F-A32A-1B64D1DB7D0A}.Release|x86.Build.0 = Release|Win32
		{1AAE6DC7-97E6-4DBD-AC72-4F995E276561}.Debug|x64.ActiveCfg = Debug|x64
		{1AAE6DC7-97E6-4DBD-AC72-4F995E276561}.Debug|x64.Build.0 = Debug|x64
		{1AAE6DC7-97E6-4DBD-AC72-4F995E276561}.Debug|x86.ActiveCfg = Debug|Win32
		{1AAE6DC7-97E6-4DBD-AC72-4F995E276561}.Debug|x86.Build.0 = Debug|Win32
		{1AAE6DC7-97E6-4DBD-AC72-4F995E276561}.Release|x64.ActiveCfg = Release|x64
		{1AAE6DC7-97E6-4DBD-AC72-4F995E276561}.Release|x64.Build.0 = Release|x64
		{1AAE6DC7-97E6-4DBD-AC72-4F995E276561}.Release|x86.ActiveCfg = Release|Win32
		{1AAE6DC7-97E6-4DBD-AC72-4F995E276561}.Release|x86.Build.0 = Release|Win32
	EndGlobalSection
	GlobalSection(SolutionProperties) = preSolution
		HideSolutionNode = FALSE
	EndGlobalSection
	GlobalSection(ExtensibilityGlobals) = postSolution
		SolutionGuid = {4DEDACFC-AB1F-4228-8933-C01EB0BED2B9}
	EndGlobalSection
EndGlobal
